// !$*UTF8*$!
{
	archiveVersion = 1;
	classes = {
	};
	objectVersion = 46;
	objects = {

/* Begin PBXBuildFile section */
		308D1AA01C4539FA009DA102 /* main.m in Sources */ = {isa = PBXBuildFile; fileRef = 308D1A9F1C4539FA009DA102 /* main.m */; };
		308D1AA31C4539FA009DA102 /* AppDelegate.m in Sources */ = {isa = PBXBuildFile; fileRef = 308D1AA21C4539FA009DA102 /* AppDelegate.m */; };
		308D1AA61C4539FA009DA102 /* ViewController.m in Sources */ = {isa = PBXBuildFile; fileRef = 308D1AA51C4539FA009DA102 /* ViewController.m */; };
		308D1AA91C4539FA009DA102 /* Main.storyboard in Resources */ = {isa = PBXBuildFile; fileRef = 308D1AA71C4539FA009DA102 /* Main.storyboard */; };
		308D1AAB1C4539FA009DA102 /* Assets.xcassets in Resources */ = {isa = PBXBuildFile; fileRef = 308D1AAA1C4539FA009DA102 /* Assets.xcassets */; };
		308D1AAE1C4539FA009DA102 /* LaunchScreen.storyboard in Resources */ = {isa = PBXBuildFile; fileRef = 308D1AAC1C4539FA009DA102 /* LaunchScreen.storyboard */; };
		308D1AB91C4539FA009DA102 /* Coding_ExcersiseTests.m in Sources */ = {isa = PBXBuildFile; fileRef = 308D1AB81C4539FA009DA102 /* Coding_ExcersiseTests.m */; };
/* End PBXBuildFile section */

/* Begin PBXContainerItemProxy section */
		308D1AB51C4539FA009DA102 /* PBXContainerItemProxy */ = {
			isa = PBXContainerItemProxy;
			containerPortal = 308D1A931C4539FA009DA102 /* Project object */;
			proxyType = 1;
			remoteGlobalIDString = 308D1A9A1C4539FA009DA102;
			remoteInfo = "Coding Excersise";
		};
/* End PBXContainerItemProxy section */

/* Begin PBXFileReference section */
		308D1A9B1C4539FA009DA102 /* Coding Excersise.app */ = {isa = PBXFileReference; explicitFileType = wrapper.application; includeInIndex = 0; path = "Coding Excersise.app"; sourceTree = BUILT_PRODUCTS_DIR; };
		308D1A9F1C4539FA009DA102 /* main.m */ = {isa = PBXFileReference; lastKnownFileType = sourcecode.c.objc; path = main.m; sourceTree = "<group>"; };
		308D1AA11C4539FA009DA102 /* AppDelegate.h */ = {isa = PBXFileReference; lastKnownFileType = sourcecode.c.h; path = AppDelegate.h; sourceTree = "<group>"; };
		308D1AA21C4539FA009DA102 /* AppDelegate.m */ = {isa = PBXFileReference; lastKnownFileType = sourcecode.c.objc; path = AppDelegate.m; sourceTree = "<group>"; };
		308D1AA41C4539FA009DA102 /* ViewController.h */ = {isa = PBXFileReference; lastKnownFileType = sourcecode.c.h; path = ViewController.h; sourceTree = "<group>"; };
		308D1AA51C4539FA009DA102 /* ViewController.m */ = {isa = PBXFileReference; lastKnownFileType = sourcecode.c.objc; path = ViewController.m; sourceTree = "<group>"; };
		308D1AA81C4539FA009DA102 /* Base */ = {isa = PBXFileReference; lastKnownFileType = file.storyboard; name = Base; path = Base.lproj/Main.storyboard; sourceTree = "<group>"; };
		308D1AAA1C4539FA009DA102 /* Assets.xcassets */ = {isa = PBXFileReference; lastKnownFileType = folder.assetcatalog; path = Assets.xcassets; sourceTree = "<group>"; };
		308D1AAD1C4539FA009DA102 /* Base */ = {isa = PBXFileReference; lastKnownFileType = file.storyboard; name = Base; path = Base.lproj/LaunchScreen.storyboard; sourceTree = "<group>"; };
		308D1AAF1C4539FA009DA102 /* Info.plist */ = {isa = PBXFileReference; lastKnownFileType = text.plist.xml; path = Info.plist; sourceTree = "<group>"; };
		308D1AB41C4539FA009DA102 /* Coding ExcersiseTests.xctest */ = {isa = PBXFileReference; explicitFileType = wrapper.cfbundle; includeInIndex = 0; path = "Coding ExcersiseTests.xctest"; sourceTree = BUILT_PRODUCTS_DIR; };
		308D1AB81C4539FA009DA102 /* Coding_ExcersiseTests.m */ = {isa = PBXFileReference; lastKnownFileType = sourcecode.c.objc; path = Coding_ExcersiseTests.m; sourceTree = "<group>"; };
		308D1ABA1C4539FA009DA102 /* Info.plist */ = {isa = PBXFileReference; lastKnownFileType = text.plist.xml; path = Info.plist; sourceTree = "<group>"; };
/* End PBXFileReference section */

/* Begin PBXFrameworksBuildPhase section */
		308D1A981C4539FA009DA102 /* Frameworks */ = {
			isa = PBXFrameworksBuildPhase;
			buildActionMask = 2147483647;
			files = (
			);
			runOnlyForDeploymentPostprocessing = 0;
		};
		308D1AB11C4539FA009DA102 /* Frameworks */ = {
			isa = PBXFrameworksBuildPhase;
			buildActionMask = 2147483647;
			files = (
			);
			runOnlyForDeploymentPostprocessing = 0;
		};
/* End PBXFrameworksBuildPhase section */

/* Begin PBXGroup section */
		308D1A921C4539FA009DA102 = {
			isa = PBXGroup;
			children = (
				308D1A9D1C4539FA009DA102 /* Coding Excersise */,
				308D1AB71C4539FA009DA102 /* Coding ExcersiseTests */,
				308D1A9C1C4539FA009DA102 /* Products */,
			);
			sourceTree = "<group>";
		};
		308D1A9C1C4539FA009DA102 /* Products */ = {
			isa = PBXGroup;
			children = (
				308D1A9B1C4539FA009DA102 /* Coding Excersise.app */,
				308D1AB41C4539FA009DA102 /* Coding ExcersiseTests.xctest */,
			);
			name = Products;
			sourceTree = "<group>";
		};
		308D1A9D1C4539FA009DA102 /* Coding Excersise */ = {
			isa = PBXGroup;
			children = (
				308D1AA11C4539FA009DA102 /* AppDelegate.h */,
				308D1AA21C4539FA009DA102 /* AppDelegate.m */,
				308D1AA41C4539FA009DA102 /* ViewController.h */,
				308D1AA51C4539FA009DA102 /* ViewController.m */,
				308D1AA71C4539FA009DA102 /* Main.storyboard */,
				308D1AAA1C4539FA009DA102 /* Assets.xcassets */,
				308D1AAC1C4539FA009DA102 /* LaunchScreen.storyboard */,
				308D1AAF1C4539FA009DA102 /* Info.plist */,
				308D1A9E1C4539FA009DA102 /* Supporting Files */,
			);
			path = "Coding Excersise";
			sourceTree = "<group>";
		};
		308D1A9E1C4539FA009DA102 /* Supporting Files */ = {
			isa = PBXGroup;
			children = (
				308D1A9F1C4539FA009DA102 /* main.m */,
			);
			name = "Supporting Files";
			sourceTree = "<group>";
		};
		308D1AB71C4539FA009DA102 /* Coding ExcersiseTests */ = {
			isa = PBXGroup;
			children = (
				308D1AB81C4539FA009DA102 /* Coding_ExcersiseTests.m */,
				308D1ABA1C4539FA009DA102 /* Info.plist */,
			);
			path = "Coding ExcersiseTests";
			sourceTree = "<group>";
		};
/* End PBXGroup section */

/* Begin PBXNativeTarget section */
		308D1A9A1C4539FA009DA102 /* Coding Excersise */ = {
			isa = PBXNativeTarget;
			buildConfigurationList = 308D1ABD1C4539FA009DA102 /* Build configuration list for PBXNativeTarget "Coding Excersise" */;
			buildPhases = (
				308D1A971C4539FA009DA102 /* Sources */,
				308D1A981C4539FA009DA102 /* Frameworks */,
				308D1A991C4539FA009DA102 /* Resources */,
			);
			buildRules = (
			);
			dependencies = (
			);
			name = "Coding Excersise";
			productName = "Coding Excersise";
			productReference = 308D1A9B1C4539FA009DA102 /* Coding Excersise.app */;
			productType = "com.apple.product-type.application";
		};
		308D1AB31C4539FA009DA102 /* Coding ExcersiseTests */ = {
			isa = PBXNativeTarget;
			buildConfigurationList = 308D1AC01C4539FA009DA102 /* Build configuration list for PBXNativeTarget "Coding ExcersiseTests" */;
			buildPhases = (
				308D1AB01C4539FA009DA102 /* Sources */,
				308D1AB11C4539FA009DA102 /* Frameworks */,
				308D1AB21C4539FA009DA102 /* Resources */,
			);
			buildRules = (
			);
			dependencies = (
				308D1AB61C4539FA009DA102 /* PBXTargetDependency */,
			);
			name = "Coding ExcersiseTests";
			productName = "Coding ExcersiseTests";
			productReference = 308D1AB41C4539FA009DA102 /* Coding ExcersiseTests.xctest */;
			productType = "com.apple.product-type.bundle.unit-test";
		};
/* End PBXNativeTarget section */

/* Begin PBXProject section */
		308D1A931C4539FA009DA102 /* Project object */ = {
			isa = PBXProject;
			attributes = {
				LastUpgradeCheck = 0720;
				ORGANIZATIONNAME = "Evil Studios Interview";
				TargetAttributes = {
					308D1A9A1C4539FA009DA102 = {
						CreatedOnToolsVersion = 7.2;
					};
					308D1AB31C4539FA009DA102 = {
						CreatedOnToolsVersion = 7.2;
						TestTargetID = 308D1A9A1C4539FA009DA102;
					};
				};
			};
			buildConfigurationList = 308D1A961C4539FA009DA102 /* Build configuration list for PBXProject "Coding Excersise" */;
			compatibilityVersion = "Xcode 3.2";
			developmentRegion = English;
			hasScannedForEncodings = 0;
			knownRegions = (
				en,
				Base,
			);
			mainGroup = 308D1A921C4539FA009DA102;
			productRefGroup = 308D1A9C1C4539FA009DA102 /* Products */;
			projectDirPath = "";
			projectRoot = "";
			targets = (
				308D1A9A1C4539FA009DA102 /* Coding Excersise */,
				308D1AB31C4539FA009DA102 /* Coding ExcersiseTests */,
			);
		};
/* End PBXProject section */

/* Begin PBXResourcesBuildPhase section */
		308D1A991C4539FA009DA102 /* Resources */ = {
			isa = PBXResourcesBuildPhase;
			buildActionMask = 2147483647;
			files = (
				308D1AAE1C4539FA009DA102 /* LaunchScreen.storyboard in Resources */,
				308D1AAB1C4539FA009DA102 /* Assets.xcassets in Resources */,
				308D1AA91C4539FA009DA102 /* Main.storyboard in Resources */,
			);
			runOnlyForDeploymentPostprocessing = 0;
		};
		308D1AB21C4539FA009DA102 /* Resources */ = {
			isa = PBXResourcesBuildPhase;
			buildActionMask = 2147483647;
			files = (
			);
			runOnlyForDeploymentPostprocessing = 0;
		};
/* End PBXResourcesBuildPhase section */

/* Begin PBXSourcesBuildPhase section */
		308D1A971C4539FA009DA102 /* Sources */ = {
			isa = PBXSourcesBuildPhase;
			buildActionMask = 2147483647;
			files = (
				308D1AA61C4539FA009DA102 /* ViewController.m in Sources */,
				308D1AA31C4539FA009DA102 /* AppDelegate.m in Sources */,
				308D1AA01C4539FA009DA102 /* main.m in Sources */,
			);
			runOnlyForDeploymentPostprocessing = 0;
		};
		308D1AB01C4539FA009DA102 /* Sources */ = {
			isa = PBXSourcesBuildPhase;
			buildActionMask = 2147483647;
			files = (
				308D1AB91C4539FA009DA102 /* Coding_ExcersiseTests.m in Sources */,
			);
			runOnlyForDeploymentPostprocessing = 0;
		};
/* End PBXSourcesBuildPhase section */

/* Begin PBXTargetDependency section */
		308D1AB61C4539FA009DA102 /* PBXTargetDependency */ = {
			isa = PBXTargetDependency;
			target = 308D1A9A1C4539FA009DA102 /* Coding Excersise */;
			targetProxy = 308D1AB51C4539FA009DA102 /* PBXContainerItemProxy */;
		};
/* End PBXTargetDependency section */

/* Begin PBXVariantGroup section */
		308D1AA71C4539FA009DA102 /* Main.storyboard */ = {
			isa = PBXVariantGroup;
			children = (
				308D1AA81C4539FA009DA102 /* Base */,
			);
			name = Main.storyboard;
			sourceTree = "<group>";
		};
		308D1AAC1C4539FA009DA102 /* LaunchScreen.storyboard */ = {
			isa = PBXVariantGroup;
			children = (
				308D1AAD1C4539FA009DA102 /* Base */,
			);
			name = LaunchScreen.storyboard;
			sourceTree = "<group>";
		};
/* End PBXVariantGroup section */

/* Begin XCBuildConfiguration section */
		308D1ABB1C4539FA009DA102 /* Debug */ = {
			isa = XCBuildConfiguration;
			buildSettings = {
				ALWAYS_SEARCH_USER_PATHS = NO;
				CLANG_CXX_LANGUAGE_STANDARD = "gnu++0x";
				CLANG_CXX_LIBRARY = "libc++";
				CLANG_ENABLE_MODULES = YES;
				CLANG_ENABLE_OBJC_ARC = YES;
				CLANG_WARN_BOOL_CONVERSION = YES;
				CLANG_WARN_CONSTANT_CONVERSION = YES;
				CLANG_WARN_DIRECT_OBJC_ISA_USAGE = YES_ERROR;
				CLANG_WARN_EMPTY_BODY = YES;
				CLANG_WARN_ENUM_CONVERSION = YES;
				CLANG_WARN_INT_CONVERSION = YES;
				CLANG_WARN_OBJC_ROOT_CLASS = YES_ERROR;
				CLANG_WARN_UNREACHABLE_CODE = YES;
				CLANG_WARN__DUPLICATE_METHOD_MATCH = YES;
				"CODE_SIGN_IDENTITY[sdk=iphoneos*]" = "iPhone Developer";
				COPY_PHASE_STRIP = NO;
				DEBUG_INFORMATION_FORMAT = dwarf;
				ENABLE_STRICT_OBJC_MSGSEND = YES;
				ENABLE_TESTABILITY = YES;
				GCC_C_LANGUAGE_STANDARD = gnu99;
				GCC_DYNAMIC_NO_PIC = NO;
				GCC_NO_COMMON_BLOCKS = YES;
				GCC_OPTIMIZATION_LEVEL = 0;
				GCC_PREPROCESSOR_DEFINITIONS = (
					"DEBUG=1",
					"$(inherited)",
				);
				GCC_WARN_64_TO_32_BIT_CONVERSION = YES;
				GCC_WARN_ABOUT_RETURN_TYPE = YES_ERROR;
				GCC_WARN_UNDECLARED_SELECTOR = YES;
				GCC_WARN_UNINITIALIZED_AUTOS = YES_AGGRESSIVE;
				GCC_WARN_UNUSED_FUNCTION = YES;
				GCC_WARN_UNUSED_VARIABLE = YES;
				IPHONEOS_DEPLOYMENT_TARGET = 9.2;
				MTL_ENABLE_DEBUG_INFO = YES;
				ONLY_ACTIVE_ARCH = YES;
				SDKROOT = iphoneos;
			};
			name = Debug;
		};
		308D1ABC1C4539FA009DA102 /* Release */ = {
			isa = XCBuildConfiguration;
			buildSettings = {
				ALWAYS_SEARCH_USER_PATHS = NO;
				CLANG_CXX_LANGUAGE_STANDARD = "gnu++0x";
				CLANG_CXX_LIBRARY = "libc++";
				CLANG_ENABLE_MODULES = YES;
				CLANG_ENABLE_OBJC_ARC = YES;
				CLANG_WARN_BOOL_CONVERSION = YES;
				CLANG_WARN_CONSTANT_CONVERSION = YES;
				CLANG_WARN_DIRECT_OBJC_ISA_USAGE = YES_ERROR;
				CLANG_WARN_EMPTY_BODY = YES;
				CLANG_WARN_ENUM_CONVERSION = YES;
				CLANG_WARN_INT_CONVERSION = YES;
				CLANG_WARN_OBJC_ROOT_CLASS = YES_ERROR;
				CLANG_WARN_UNREACHABLE_CODE = YES;
				CLANG_WARN__DUPLICATE_METHOD_MATCH = YES;
				"CODE_SIGN_IDENTITY[sdk=iphoneos*]" = "iPhone Developer";
				COPY_PHASE_STRIP = NO;
				DEBUG_INFORMATION_FORMAT = "dwarf-with-dsym";
				ENABLE_NS_ASSERTIONS = NO;
				ENABLE_STRICT_OBJC_MSGSEND = YES;
				GCC_C_LANGUAGE_STANDARD = gnu99;
				GCC_NO_COMMON_BLOCKS = YES;
				GCC_WARN_64_TO_32_BIT_CONVERSION = YES;
				GCC_WARN_ABOUT_RETURN_TYPE = YES_ERROR;
				GCC_WARN_UNDECLARED_SELECTOR = YES;
				GCC_WARN_UNINITIALIZED_AUTOS = YES_AGGRESSIVE;
				GCC_WARN_UNUSED_FUNCTION = YES;
				GCC_WARN_UNUSED_VARIABLE = YES;
				IPHONEOS_DEPLOYMENT_TARGET = 9.2;
				MTL_ENABLE_DEBUG_INFO = NO;
				SDKROOT = iphoneos;
				VALIDATE_PRODUCT = YES;
			};
			name = Release;
		};
		308D1ABE1C4539FA009DA102 /* Debug */ = {
			isa = XCBuildConfiguration;
			buildSettings = {
				ASSETCATALOG_COMPILER_APPICON_NAME = AppIcon;
				INFOPLIST_FILE = "Coding Excersise/Info.plist";
				LD_RUNPATH_SEARCH_PATHS = "$(inherited) @executable_path/Frameworks";
				PRODUCT_BUNDLE_IDENTIFIER = "com.evilapples-interview.Coding-Excersise";
				PRODUCT_NAME = "$(TARGET_NAME)";
			};
			name = Debug;
		};
		308D1ABF1C4539FA009DA102 /* Release */ = {
			isa = XCBuildConfiguration;
			buildSettings = {
				ASSETCATALOG_COMPILER_APPICON_NAME = AppIcon;
				INFOPLIST_FILE = "Coding Excersise/Info.plist";
				LD_RUNPATH_SEARCH_PATHS = "$(inherited) @executable_path/Frameworks";
				PRODUCT_BUNDLE_IDENTIFIER = "com.evilapples-interview.Coding-Excersise";
				PRODUCT_NAME = "$(TARGET_NAME)";
			};
			name = Release;
		};
		308D1AC11C4539FA009DA102 /* Debug */ = {
			isa = XCBuildConfiguration;
			buildSettings = {
				BUNDLE_LOADER = "$(TEST_HOST)";
				INFOPLIST_FILE = "Coding ExcersiseTests/Info.plist";
				LD_RUNPATH_SEARCH_PATHS = "$(inherited) @executable_path/Frameworks @loader_path/Frameworks";
				PRODUCT_BUNDLE_IDENTIFIER = "com.evilapples-interview.Coding-ExcersiseTests";
				PRODUCT_NAME = "$(TARGET_NAME)";
				TEST_HOST = "$(BUILT_PRODUCTS_DIR)/Coding Excersise.app/Coding Excersise";
			};
			name = Debug;
		};
		308D1AC21C4539FA009DA102 /* Release */ = {
			isa = XCBuildConfiguration;
			buildSettings = {
				BUNDLE_LOADER = "$(TEST_HOST)";
				INFOPLIST_FILE = "Coding ExcersiseTests/Info.plist";
				LD_RUNPATH_SEARCH_PATHS = "$(inherited) @executable_path/Frameworks @loader_path/Frameworks";
				PRODUCT_BUNDLE_IDENTIFIER = "com.evilapples-interview.Coding-ExcersiseTests";
				PRODUCT_NAME = "$(TARGET_NAME)";
				TEST_HOST = "$(BUILT_PRODUCTS_DIR)/Coding Excersise.app/Coding Excersise";
			};
			name = Release;
		};
/* End XCBuildConfiguration section */

/* Begin XCConfigurationList section */
		308D1A961C4539FA009DA102 /* Build configuration list for PBXProject "Coding Excersise" */ = {
			isa = XCConfigurationList;
			buildConfigurations = (
				308D1ABB1C4539FA009DA102 /* Debug */,
				308D1ABC1C4539FA009DA102 /* Release */,
			);
			defaultConfigurationIsVisible = 0;
			defaultConfigurationName = Release;
		};
		308D1ABD1C4539FA009DA102 /* Build configuration list for PBXNativeTarget "Coding Excersise" */ = {
			isa = XCConfigurationList;
			buildConfigurations = (
				308D1ABE1C4539FA009DA102 /* Debug */,
				308D1ABF1C4539FA009DA102 /* Release */,
			);
			defaultConfigurationIsVisible = 0;
		};
		308D1AC01C4539FA009DA102 /* Build configuration list for PBXNativeTarget "Coding ExcersiseTests" */ = {
			isa = XCConfigurationList;
			buildConfigurations = (
				308D1AC11C4539FA009DA102 /* Debug */,
				308D1AC21C4539FA009DA102 /* Release */,
			);
			defaultConfigurationIsVisible = 0;
		};
/* End XCConfigurationList section */
	};
	rootObject = 308D1A931C4539FA009DA102 /* Project object */;
}
